
Microsoft Visual Studio Solution File, Format Version 12.00
# Visual Studio 15
VisualStudioVersion = 15.0.28307.438
MinimumVisualStudioVersion = 10.0.40219.1
Project("{FAE04EC0-301F-11D3-BF4B-00C04F79EFBC}") = "EMS_Back-end", "EMS_Back-end\EMS_Back-end.csproj", "{F40BA378-BE76-42ED-A35C-56BC91BF6D18}"
EndProject
Global
	GlobalSection(SolutionConfigurationPlatforms) = preSolution
		Debug|Any CPU = Debug|Any CPU
		Release|Any CPU = Release|Any CPU
	EndGlobalSection
	GlobalSection(ProjectConfigurationPlatforms) = postSolution
		{F40BA378-BE76-42ED-A35C-56BC91BF6D18}.Debug|Any CPU.ActiveCfg = Debug|Any CPU
		{F40BA378-BE76-42ED-A35C-56BC91BF6D18}.Debug|Any CPU.Build.0 = Debug|Any CPU
		{F40BA378-BE76-42ED-A35C-56BC91BF6D18}.Release|Any CPU.ActiveCfg = Release|Any CPU
		{F40BA378-BE76-42ED-A35C-56BC91BF6D18}.Release|Any CPU.Build.0 = Release|Any CPU
	EndGlobalSection
	GlobalSection(SolutionProperties) = preSolution
		HideSolutionNode = FALSE
	EndGlobalSection
	GlobalSection(ExtensibilityGlobals) = postSolution
		SolutionGuid = {24CAC044-07E4-4D17-BF88-FFF81A0816FF}
	EndGlobalSection
EndGlobal
